
Microsoft Visual Studio Solution File, Format Version 12.00
# Visual Studio Version 17
VisualStudioVersion = 17.4.33122.133
MinimumVisualStudioVersion = 10.0.40219.1
Project("{9A19103F-16F7-4668-BE54-9A1E7A4F7556}") = "Soliders", "Soliders.csproj", "{75AB5AA9-2547-460C-A9AA-39A2C78D7BCB}"
EndProject
Global
	GlobalSection(SolutionConfigurationPlatforms) = preSolution
		Debug|Any CPU = Debug|Any CPU
		Release|Any CPU = Release|Any CPU
	EndGlobalSection
	GlobalSection(ProjectConfigurationPlatforms) = postSolution
		{75AB5AA9-2547-460C-A9AA-39A2C78D7BCB}.Debug|Any CPU.ActiveCfg = Debug|Any CPU
		{75AB5AA9-2547-460C-A9AA-39A2C78D7BCB}.Debug|Any CPU.Build.0 = Debug|Any CPU
		{75AB5AA9-2547-460C-A9AA-39A2C78D7BCB}.Release|Any CPU.ActiveCfg = Release|Any CPU
		{75AB5AA9-2547-460C-A9AA-39A2C78D7BCB}.Release|Any CPU.Build.0 = Release|Any CPU
	EndGlobalSection
	GlobalSection(SolutionProperties) = preSolution
		HideSolutionNode = FALSE
	EndGlobalSection
	GlobalSection(ExtensibilityGlobals) = postSolution
		SolutionGuid = {10F2E1AA-0C23-43B2-A2A5-B4B9B582CAD2}
	EndGlobalSection
EndGlobal
